
Microsoft Visual Studio Solution File, Format Version 11.00
# Visual Studio 2010
Project("{FAE04EC0-301F-11D3-BF4B-00C04F79EFBC}") = "Assembly-CSharp-firstpass", "Assembly-CSharp-firstpass.csproj", "{BDD8BBB8-E749-1F97-36E8-B7A9A5E74F56}"
EndProject
Project("{FAE04EC0-301F-11D3-BF4B-00C04F79EFBC}") = "Assembly-CSharp", "Assembly-CSharp.csproj", "{BDBC4397-CE53-08CA-DE1C-D2090ACCE9B6}"
EndProject
Project("{FAE04EC0-301F-11D3-BF4B-00C04F79EFBC}") = "Assembly-CSharp-Editor-firstpass", "Assembly-CSharp-Editor-firstpass.csproj", "{BBFAEBE2-2244-C50D-A986-FC72D20FBD99}"
EndProject
Global
	GlobalSection(SolutionConfigurationPlatforms) = preSolution
		Debug|Any CPU = Debug|Any CPU
		Release|Any CPU = Release|Any CPU
	EndGlobalSection
	GlobalSection(ProjectConfigurationPlatforms) = postSolution
		{BDD8BBB8-E749-1F97-36E8-B7A9A5E74F56}.Debug|Any CPU.ActiveCfg = Debug|Any CPU
		{BDD8BBB8-E749-1F97-36E8-B7A9A5E74F56}.Debug|Any CPU.Build.0 = Debug|Any CPU
		{BDD8BBB8-E749-1F97-36E8-B7A9A5E74F56}.Release|Any CPU.ActiveCfg = Release|Any CPU
		{BDD8BBB8-E749-1F97-36E8-B7A9A5E74F56}.Release|Any CPU.Build.0 = Release|Any CPU
		{BDBC4397-CE53-08CA-DE1C-D2090ACCE9B6}.Debug|Any CPU.ActiveCfg = Debug|Any CPU
		{BDBC4397-CE53-08CA-DE1C-D2090ACCE9B6}.Debug|Any CPU.Build.0 = Debug|Any CPU
		{BDBC4397-CE53-08CA-DE1C-D2090ACCE9B6}.Release|Any CPU.ActiveCfg = Release|Any CPU
		{BDBC4397-CE53-08CA-DE1C-D2090ACCE9B6}.Release|Any CPU.Build.0 = Release|Any CPU
		{BBFAEBE2-2244-C50D-A986-FC72D20FBD99}.Debug|Any CPU.ActiveCfg = Debug|Any CPU
		{BBFAEBE2-2244-C50D-A986-FC72D20FBD99}.Debug|Any CPU.Build.0 = Debug|Any CPU
		{BBFAEBE2-2244-C50D-A986-FC72D20FBD99}.Release|Any CPU.ActiveCfg = Release|Any CPU
		{BBFAEBE2-2244-C50D-A986-FC72D20FBD99}.Release|Any CPU.Build.0 = Release|Any CPU
	EndGlobalSection
	GlobalSection(SolutionProperties) = preSolution
		HideSolutionNode = FALSE
	EndGlobalSection
	GlobalSection(MonoDevelopProperties) = preSolution
		StartupItem = Assembly-CSharp.csproj
	EndGlobalSection
EndGlobal
